{
  "version": "5",
  "specifiers": {
    "jsr:@std/assert@1": "1.0.19",
    "jsr:@std/internal@^1.0.12": "1.0.14",
    "npm:opening_hours@3.15.0": "3.15.0"
  },
  "jsr": {
    "@std/assert@1.0.19": {
      "integrity": "eaada96ee120cb980bc47e040f82814d786fe8162ecc53c91d8df60b8755991e",
      "dependencies": [
        "jsr:@std/internal"
      ]
    },
    "@std/internal@1.0.14": {
      "integrity": "291516b3d4c35024d6ffbc0a9df5bf4c64116e05b50012cf846710152d2ffdf7"
    }
  },
  "npm": {
    "i18next@26.4.2": {
      "integrity": "sha512-RX+R0VLg13IbvRuJSxnqykUFS9vQZTl8wYpWPCIUDWVrSGjsQywB5Y+pjzrkboxGAuYfJZVH1InFTdgBdxq6ug=="
    },
    "opening_hours@3.15.0": {
      "integrity": "sha512-gSPN1YSLCcS4H4YL3Pc/0QRgoafuIhasQ44bM0U+62TABoEyIEeP9AuAIGSGHd9AWycq1eBwxbNfgkiCpx8bCQ==",
      "dependencies": [
        "i18next",
        "suncalc"
      ]
    },
    "suncalc@2.0.2": {
      "integrity": "sha512-cedP91TuhxggoERke/jLkUVr/VMUifEMz1OkxfBZezvOFQdk8LSe9CFv7/Ov0Frn2tc2YUs+44oSrXeNEyTyGQ=="
    }
  },
  "workspace": {
    "packageJson": {
      "dependencies": [
        "npm:@supabase/ssr@~0.12.7",
        "npm:@supabase/supabase-js@^2.117.2",
        "npm:@tailwindcss/postcss@4",
        "npm:@types/leaflet@^1.9.22",
        "npm:@types/node@20",
        "npm:@types/react-dom@19",
        "npm:@types/react@19",
        "npm:eslint-config-next@16.3.6",
        "npm:eslint-config-prettier@^10.1.8",
        "npm:eslint@9",
        "npm:leaflet@^1.9.4",
        "npm:next@16.3.6",
        "npm:prettier-plugin-tailwindcss@~0.8.1",
        "npm:prettier@^3.9.9",
        "npm:react-dom@19.2.8",
        "npm:react-leaflet@5",
        "npm:react@19.2.8",
        "npm:tailwindcss@4",
        "npm:typescript@5"
      ]
    }
  }
}
